
Microsoft Visual Studio Solution File, Format Version 12.00
# Visual Studio Version 17
VisualStudioVersion = 17.5.002.0
MinimumVisualStudioVersion = 10.0.40219.1
Project("{9A19103F-16F7-4668-BE54-9A1E7A4F7556}") = "backend", "backend\backend.csproj", "{7AEC1AAE-5A6C-451B-867A-B18D512CA96D}"
EndProject
Global
	GlobalSection(SolutionConfigurationPlatforms) = preSolution
		Debug|Any CPU = Debug|Any CPU
		Release|Any CPU = Release|Any CPU
	EndGlobalSection
	GlobalSection(ProjectConfigurationPlatforms) = postSolution
		{7AEC1AAE-5A6C-451B-867A-B18D512CA96D}.Debug|Any CPU.ActiveCfg = Debug|Any CPU
		{7AEC1AAE-5A6C-451B-867A-B18D512CA96D}.Debug|Any CPU.Build.0 = Debug|Any CPU
		{7AEC1AAE-5A6C-451B-867A-B18D512CA96D}.Release|Any CPU.ActiveCfg = Release|Any CPU
		{7AEC1AAE-5A6C-451B-867A-B18D512CA96D}.Release|Any CPU.Build.0 = Release|Any CPU
	EndGlobalSection
	GlobalSection(SolutionProperties) = preSolution
		HideSolutionNode = FALSE
	EndGlobalSection
	GlobalSection(ExtensibilityGlobals) = postSolution
		SolutionGuid = {9FBD689D-D3E5-4F37-9A70-FA5F9BB38466}
	EndGlobalSection
EndGlobal
